
Microsoft Visual Studio Solution File, Format Version 12.00
# Visual Studio Version 16
VisualStudioVersion = 16.0.29215.179
MinimumVisualStudioVersion = 10.0.40219.1
Project("{FAE04EC0-301F-11D3-BF4B-00C04F79EFBC}") = "Aplikasi_Nadira", "Aplikasi_Nadira.csproj", "{DCA8E1F9-01AB-489C-AF99-2EF5104FDA6E}"
EndProject
Global
	GlobalSection(SolutionConfigurationPlatforms) = preSolution
		Debug|Any CPU = Debug|Any CPU
		Release|Any CPU = Release|Any CPU
	EndGlobalSection
	GlobalSection(ProjectConfigurationPlatforms) = postSolution
		{DCA8E1F9-01AB-489C-AF99-2EF5104FDA6E}.Debug|Any CPU.ActiveCfg = Debug|Any CPU
		{DCA8E1F9-01AB-489C-AF99-2EF5104FDA6E}.Debug|Any CPU.Build.0 = Debug|Any CPU
		{DCA8E1F9-01AB-489C-AF99-2EF5104FDA6E}.Release|Any CPU.ActiveCfg = Release|Any CPU
		{DCA8E1F9-01AB-489C-AF99-2EF5104FDA6E}.Release|Any CPU.Build.0 = Release|Any CPU
	EndGlobalSection
	GlobalSection(SolutionProperties) = preSolution
		HideSolutionNode = FALSE
	EndGlobalSection
	GlobalSection(ExtensibilityGlobals) = postSolution
		SolutionGuid = {91CD7E0C-3514-459C-AB9B-324E41EA6F2C}
	EndGlobalSection
EndGlobal
